
Microsoft Visual Studio Solution File, Format Version 12.00
# Visual Studio Version 17
VisualStudioVersion = 17.3.32804.467
MinimumVisualStudioVersion = 10.0.40219.1
Project("{FAE04EC0-301F-11D3-BF4B-00C04F79EFBC}") = "SOMSBlazorApp.Server", "Server\SOMSBlazorApp.Server.csproj", "{0D775C7E-D9B4-43E9-B805-647F959D8B0F}"
EndProject
Project("{FAE04EC0-301F-11D3-BF4B-00C04F79EFBC}") = "SOMSBlazorApp.Client", "Client\SOMSBlazorApp.Client.csproj", "{203124F1-6939-4F2A-BF91-F3C4D15ABDCB}"
EndProject
Project("{FAE04EC0-301F-11D3-BF4B-00C04F79EFBC}") = "SOMSBlazorApp.Shared", "Shared\SOMSBlazorApp.Shared.csproj", "{E1C87F26-35CF-474A-A858-0CD6B09C5F2D}"
EndProject
Global
	GlobalSection(SolutionConfigurationPlatforms) = preSolution
		Debug|Any CPU = Debug|Any CPU
		Release|Any CPU = Release|Any CPU
	EndGlobalSection
	GlobalSection(ProjectConfigurationPlatforms) = postSolution
		{0D775C7E-D9B4-43E9-B805-647F959D8B0F}.Debug|Any CPU.ActiveCfg = Debug|Any CPU
		{0D775C7E-D9B4-43E9-B805-647F959D8B0F}.Debug|Any CPU.Build.0 = Debug|Any CPU
		{0D775C7E-D9B4-43E9-B805-647F959D8B0F}.Release|Any CPU.ActiveCfg = Release|Any CPU
		{0D775C7E-D9B4-43E9-B805-647F959D8B0F}.Release|Any CPU.Build.0 = Release|Any CPU
		{203124F1-6939-4F2A-BF91-F3C4D15ABDCB}.Debug|Any CPU.ActiveCfg = Debug|Any CPU
		{203124F1-6939-4F2A-BF91-F3C4D15ABDCB}.Debug|Any CPU.Build.0 = Debug|Any CPU
		{203124F1-6939-4F2A-BF91-F3C4D15ABDCB}.Release|Any CPU.ActiveCfg = Release|Any CPU
		{203124F1-6939-4F2A-BF91-F3C4D15ABDCB}.Release|Any CPU.Build.0 = Release|Any CPU
		{E1C87F26-35CF-474A-A858-0CD6B09C5F2D}.Debug|Any CPU.ActiveCfg = Debug|Any CPU
		{E1C87F26-35CF-474A-A858-0CD6B09C5F2D}.Debug|Any CPU.Build.0 = Debug|Any CPU
		{E1C87F26-35CF-474A-A858-0CD6B09C5F2D}.Release|Any CPU.ActiveCfg = Release|Any CPU
		{E1C87F26-35CF-474A-A858-0CD6B09C5F2D}.Release|Any CPU.Build.0 = Release|Any CPU
	EndGlobalSection
	GlobalSection(SolutionProperties) = preSolution
		HideSolutionNode = FALSE
	EndGlobalSection
	GlobalSection(ExtensibilityGlobals) = postSolution
		SolutionGuid = {6671C506-1075-4B4B-AAD4-D1ABD46087FD}
	EndGlobalSection
EndGlobal
